
Microsoft Visual Studio Solution File, Format Version 12.00
# Visual Studio Version 17
VisualStudioVersion = 17.5.001.0
MinimumVisualStudioVersion = 10.0.40219.1
Project("{9A19103F-16F7-4668-BE54-9A1E7A4F7556}") = "tl1-proyectofinal2024-GonzaSanPla", "tl1-proyectofinal2024-GonzaSanPla.csproj", "{6CCA3EDD-548D-422C-974F-88DD7C723FF2}"
EndProject
Global
	GlobalSection(SolutionConfigurationPlatforms) = preSolution
		Debug|Any CPU = Debug|Any CPU
		Release|Any CPU = Release|Any CPU
	EndGlobalSection
	GlobalSection(ProjectConfigurationPlatforms) = postSolution
		{6CCA3EDD-548D-422C-974F-88DD7C723FF2}.Debug|Any CPU.ActiveCfg = Debug|Any CPU
		{6CCA3EDD-548D-422C-974F-88DD7C723FF2}.Debug|Any CPU.Build.0 = Debug|Any CPU
		{6CCA3EDD-548D-422C-974F-88DD7C723FF2}.Release|Any CPU.ActiveCfg = Release|Any CPU
		{6CCA3EDD-548D-422C-974F-88DD7C723FF2}.Release|Any CPU.Build.0 = Release|Any CPU
	EndGlobalSection
	GlobalSection(SolutionProperties) = preSolution
		HideSolutionNode = FALSE
	EndGlobalSection
	GlobalSection(ExtensibilityGlobals) = postSolution
		SolutionGuid = {7A25B5C9-7195-44A8-9ED8-C1C0AB31C362}
	EndGlobalSection
EndGlobal
